Microsoft Visual Studio Solution File, Format Version 12.00
# Visual Studio Version 17
VisualStudioVersion = 17.5.2.0
MinimumVisualStudioVersion = 10.0.40219.1
Project("{FAE04EC0-301F-11D3-BF4B-00C04F79EFBC}") = "Aviva.PaymentOrders.Api", "Aviva.PaymentOrders.Api\Aviva.PaymentOrders.Api.csproj", "{84AD2B8C-45D7-A872-95C6-6139119021A3}"
EndProject
Global
	GlobalSection(SolutionConfigurationPlatforms) = preSolution
		Debug|Any CPU = Debug|Any CPU
		Release|Any CPU = Release|Any CPU
	EndGlobalSection
	GlobalSection(ProjectConfigurationPlatforms) = postSolution
		{84AD2B8C-45D7-A872-95C6-6139119021A3}.Debug|Any CPU.ActiveCfg = Debug|Any CPU
		{84AD2B8C-45D7-A872-95C6-6139119021A3}.Debug|Any CPU.Build.0 = Debug|Any CPU
		{84AD2B8C-45D7-A872-95C6-6139119021A3}.Release|Any CPU.ActiveCfg = Release|Any CPU
		{84AD2B8C-45D7-A872-95C6-6139119021A3}.Release|Any CPU.Build.0 = Release|Any CPU
	EndGlobalSection
	GlobalSection(SolutionProperties) = preSolution
		HideSolutionNode = FALSE
	EndGlobalSection
	GlobalSection(ExtensibilityGlobals) = postSolution
		SolutionGuid = {03093F62-4A2D-4B19-9382-4E535EC179CD}
	EndGlobalSection
EndGlobal
